{
  "name": "TestGround",
  "lockfileVersion": 2,
  "requires": true,
  "packages": {
    "": {
      "dependencies": {
        "@tanstack/react-query": "^4.0.10",
        "@tanstack/react-query-devtools": "^4.0.10",
        "react-router-dom": "^6.2.1"
      },
      "devDependencies": {
        "@types/react-query": "^1.2.9"
      }
    },
    "node_modules/@babel/runtime": {
      "version": "7.18.9",
      "resolved": "https://registry.npmjs.org/@babel/runtime/-/runtime-7.18.9.tgz",
      "integrity": "sha512-lkqXDcvlFT5rvEjiu6+QYO+1GXrEHRo2LOtS7E4GtX5ESIZOgepqsZBVIj6Pv+a6zqsya9VCgiK1KAK4BvJDAw==",
      "dependencies": {
        "regenerator-runtime": "^0.13.4"
      },
      "engines": {
        "node": ">=6.9.0"
      }
    },
    "node_modules/@tanstack/match-sorter-utils": {
      "version": "8.1.1",
      "resolved": "https://registry.npmjs.org/@tanstack/match-sorter-utils/-/match-sorter-utils-8.1.1.tgz",
      "integrity": "sha512-IdmEekEYxQsoLOR0XQyw3jD1GujBpRRYaGJYQUw1eOT1eUugWxdc7jomh1VQ1EKHcdwDLpLaCz/8y4KraU4T9A==",
      "dependencies": {
        "remove-accents": "0.4.2"
      },
      "engines": {
        "node": ">=12"
      },
      "funding": {
        "type": "github",
        "url": "https://github.com/sponsors/kentcdodds"
      }
    },
    "node_modules/@tanstack/query-core": {
      "version": "4.0.10",
      "resolved": "https://registry.npmjs.org/@tanstack/query-core/-/query-core-4.0.10.tgz",
      "integrity": "sha512-9LsABpZXkWZHi4P1ozRETEDXQocLAxVzQaIhganxbNuz/uA3PsCAJxJTiQrknG5htLMzOF5MqM9G10e6DCxV1A==",
      "funding": {
        "type": "github",
        "url": "https://github.com/sponsors/tannerlinsley"
      }
    },
    "node_modules/@tanstack/react-query": {
      "version": "4.0.10",
      "resolved": "https://registry.npmjs.org/@tanstack/react-query/-/react-query-4.0.10.tgz",
      "integrity": "sha512-Wn5QhZUE5wvr6rGClV7KeQIUsdTmYR9mgmMZen7DSRWauHW2UTynFg3Kkf6pw+XlxxOLsyLWwz/Q6q1lSpM3TQ==",
      "dependencies": {
        "@tanstack/query-core": "^4.0.0-beta.1",
        "@types/use-sync-external-store": "^0.0.3",
        "use-sync-external-store": "^1.2.0"
      },
      "funding": {
        "type": "github",
        "url": "https://github.com/sponsors/tannerlinsley"
      },
      "peerDependencies": {
        "react": "^16.8.0 || ^17.0.0 || ^18.0.0",
        "react-dom": "^16.8.0 || ^17.0.0 || ^18.0.0",
        "react-native": "*"
      },
      "peerDependenciesMeta": {
        "react-dom": {
          "optional": true
        },
        "react-native": {
          "optional": true
        }
      }
    },
    "node_modules/@tanstack/react-query-devtools": {
      "version": "4.0.10",
      "resolved": "https://registry.npmjs.org/@tanstack/react-query-devtools/-/react-query-devtools-4.0.10.tgz",
      "integrity": "sha512-3J7LLYQjfjTI0DbPo0bA+M3l4kdvYSWAqihpeG1u93WVyZj0OEFviUv+4cK7+k2AVgQJAPMZ5xvtewKxOOFVrw==",
      "dependencies": {
        "@tanstack/match-sorter-utils": "^8.0.0-alpha.82",
        "@types/use-sync-external-store": "^0.0.3",
        "use-sync-external-store": "^1.2.0"
      },
      "funding": {
        "type": "github",
        "url": "https://github.com/sponsors/tannerlinsley"
      }
    },
    "node_modules/@types/react-query": {
      "version": "1.2.9",
      "resolved": "https://registry.npmjs.org/@types/react-query/-/react-query-1.2.9.tgz",
      "integrity": "sha512-xfVcv5zjC6fGf6axPyKxdXNm9RKK9OFzSIyZeCR3r9h4zDuqSpHc8ilTBtfQ1zU/uCx+tAsB+W6vzdCBMu1jtg==",
      "deprecated": "This is a stub types definition. react-query provides its own type definitions, so you do not need this installed.",
      "dev": true,
      "dependencies": {
        "react-query": "*"
      }
    },
    "node_modules/@types/use-sync-external-store": {
      "version": "0.0.3",
      "resolved": "https://registry.npmjs.org/@types/use-sync-external-store/-/use-sync-external-store-0.0.3.tgz",
      "integrity": "sha512-EwmlvuaxPNej9+T4v5AuBPJa2x2UOJVdjCtDHgcDqitUeOtjnJKJ+apYjVcAoBEMjKW1VVFGZLUb5+qqa09XFA=="
    },
    "node_modules/history": {
      "version": "5.3.0",
      "resolved": "https://registry.npmjs.org/history/-/history-5.3.0.tgz",
      "integrity": "sha512-ZqaKwjjrAYUYfLG+htGaIIZ4nioX2L70ZUMIFysS3xvBsSG4x/n1V6TXV3N8ZYNuFGlDirFg32T7B6WOUPDYcQ==",
      "dependencies": {
        "@babel/runtime": "^7.7.6"
      }
    },
    "node_modules/js-tokens": {
      "version": "4.0.0",
      "resolved": "https://registry.npmjs.org/js-tokens/-/js-tokens-4.0.0.tgz",
      "integrity": "sha512-RdJUflcE3cUzKiMqQgsCu06FPu9UdIJO0beYbPhHN4k6apgJtifcoCtT9bcxOpYBtpD2kCM6Sbzg4CausW/PKQ==",
      "peer": true
    },
    "node_modules/loose-envify": {
      "version": "1.4.0",
      "resolved": "https://registry.npmjs.org/loose-envify/-/loose-envify-1.4.0.tgz",
      "integrity": "sha512-lyuxPGr/Wfhrlem2CL/UcnUc1zcqKAImBDzukY7Y5F/yQiNdko6+fRLevlw1HgMySw7f611UIY408EtxRSoK3Q==",
      "peer": true,
      "dependencies": {
        "js-tokens": "^3.0.0 || ^4.0.0"
      },
      "bin": {
        "loose-envify": "cli.js"
      }
    },
    "node_modules/react": {
      "version": "18.2.0",
      "resolved": "https://registry.npmjs.org/react/-/react-18.2.0.tgz",
      "integrity": "sha512-/3IjMdb2L9QbBdWiW5e3P2/npwMBaU9mHCSCUzNln0ZCYbcfTsGbTJrU/kGemdH2IWmB2ioZ+zkxtmq6g09fGQ==",
      "peer": true,
      "dependencies": {
        "loose-envify": "^1.1.0"
      },
      "engines": {
        "node": ">=0.10.0"
      }
    },
    "node_modules/react-dom": {
      "version": "18.2.0",
      "resolved": "https://registry.npmjs.org/react-dom/-/react-dom-18.2.0.tgz",
      "integrity": "sha512-6IMTriUmvsjHUjNtEDudZfuDQUoWXVxKHhlEGSk81n4YFS+r/Kl99wXiwlVXtPBtJenozv2P+hxDsw9eA7Xo6g==",
      "peer": true,
      "dependencies": {
        "loose-envify": "^1.1.0",
        "scheduler": "^0.23.0"
      },
      "peerDependencies": {
        "react": "^18.2.0"
      }
    },
    "node_modules/react-query": {
      "version": "4.0.0",
      "resolved": "https://registry.npmjs.org/react-query/-/react-query-4.0.0.tgz",
      "integrity": "sha512-qiW+Yvbl+EK8iwPDJAj4qWAKceh+g8Up8jxoNxJbzhV3bNheeyHF3EyynnkDO3S+CYgSwtCUFaP8vOjB62j7xQ==",
      "deprecated": "Please use @tanstack/react-query for v4+",
      "dev": true,
      "dependencies": {
        "@tanstack/query-core": "^4.0.0-beta.1",
        "@types/use-sync-external-store": "^0.0.3",
        "use-sync-external-store": "^1.2.0"
      },
      "funding": {
        "type": "github",
        "url": "https://github.com/sponsors/tannerlinsley"
      },
      "peerDependencies": {
        "react": "^16.8.0 || ^17.0.0 || ^18.0.0",
        "react-dom": "^16.8.0 || ^17.0.0 || ^18.0.0",
        "react-native": "*"
      },
      "peerDependenciesMeta": {
        "react-dom": {
          "optional": true
        },
        "react-native": {
          "optional": true
        }
      }
    },
    "node_modules/react-router": {
      "version": "6.3.0",
      "resolved": "https://registry.npmjs.org/react-router/-/react-router-6.3.0.tgz",
      "integrity": "sha512-7Wh1DzVQ+tlFjkeo+ujvjSqSJmkt1+8JO+T5xklPlgrh70y7ogx75ODRW0ThWhY7S+6yEDks8TYrtQe/aoboBQ==",
      "dependencies": {
        "history": "^5.2.0"
      },
      "peerDependencies": {
        "react": ">=16.8"
      }
    },
    "node_modules/react-router-dom": {
      "version": "6.3.0",
      "resolved": "https://registry.npmjs.org/react-router-dom/-/react-router-dom-6.3.0.tgz",
      "integrity": "sha512-uaJj7LKytRxZNQV8+RbzJWnJ8K2nPsOOEuX7aQstlMZKQT0164C+X2w6bnkqU3sjtLvpd5ojrezAyfZ1+0sStw==",
      "dependencies": {
        "history": "^5.2.0",
        "react-router": "6.3.0"
      },
      "peerDependencies": {
        "react": ">=16.8",
        "react-dom": ">=16.8"
      }
    },
    "node_modules/regenerator-runtime": {
      "version": "0.13.9",
      "resolved": "https://registry.npmjs.org/regenerator-runtime/-/regenerator-runtime-0.13.9.tgz",
      "integrity": "sha512-p3VT+cOEgxFsRRA9X4lkI1E+k2/CtnKtU4gcxyaCUreilL/vqI6CdZ3wxVUx3UOUg+gnUOQQcRI7BmSI656MYA=="
    },
    "node_modules/remove-accents": {
      "version": "0.4.2",
      "resolved": "https://registry.npmjs.org/remove-accents/-/remove-accents-0.4.2.tgz",
      "integrity": "sha512-7pXIJqJOq5tFgG1A2Zxti3Ht8jJF337m4sowbuHsW30ZnkQFnDzy9qBNhgzX8ZLW4+UBcXiiR7SwR6pokHsxiA=="
    },
    "node_modules/scheduler": {
      "version": "0.23.0",
      "resolved": "https://registry.npmjs.org/scheduler/-/scheduler-0.23.0.tgz",
      "integrity": "sha512-CtuThmgHNg7zIZWAXi3AsyIzA3n4xx7aNyjwC2VJldO2LMVDhFK+63xGqq6CsJH4rTAt6/M+N4GhZiDYPx9eUw==",
      "peer": true,
      "dependencies": {
        "loose-envify": "^1.1.0"
      }
    },
    "node_modules/use-sync-external-store": {
      "version": "1.2.0",
      "resolved": "https://registry.npmjs.org/use-sync-external-store/-/use-sync-external-store-1.2.0.tgz",
      "integrity": "sha512-eEgnFxGQ1Ife9bzYs6VLi8/4X6CObHMw9Qr9tPY43iKwsPw8xE8+EFsf/2cFZ5S3esXgpWgtSCtLNS41F+sKPA==",
      "peerDependencies": {
        "react": "^16.8.0 || ^17.0.0 || ^18.0.0"
      }
    }
  },
  "dependencies": {
    "@babel/runtime": {
      "version": "7.18.9",
      "resolved": "https://registry.npmjs.org/@babel/runtime/-/runtime-7.18.9.tgz",
      "integrity": "sha512-lkqXDcvlFT5rvEjiu6+QYO+1GXrEHRo2LOtS7E4GtX5ESIZOgepqsZBVIj6Pv+a6zqsya9VCgiK1KAK4BvJDAw==",
      "requires": {
        "regenerator-runtime": "^0.13.4"
      }
    },
    "@tanstack/match-sorter-utils": {
      "version": "8.1.1",
      "resolved": "https://registry.npmjs.org/@tanstack/match-sorter-utils/-/match-sorter-utils-8.1.1.tgz",
      "integrity": "sha512-IdmEekEYxQsoLOR0XQyw3jD1GujBpRRYaGJYQUw1eOT1eUugWxdc7jomh1VQ1EKHcdwDLpLaCz/8y4KraU4T9A==",
      "requires": {
        "remove-accents": "0.4.2"
      }
    },
    "@tanstack/query-core": {
      "version": "4.0.10",
      "resolved": "https://registry.npmjs.org/@tanstack/query-core/-/query-core-4.0.10.tgz",
      "integrity": "sha512-9LsABpZXkWZHi4P1ozRETEDXQocLAxVzQaIhganxbNuz/uA3PsCAJxJTiQrknG5htLMzOF5MqM9G10e6DCxV1A=="
    },
    "@tanstack/react-query": {
      "version": "4.0.10",
      "resolved": "https://registry.npmjs.org/@tanstack/react-query/-/react-query-4.0.10.tgz",
      "integrity": "sha512-Wn5QhZUE5wvr6rGClV7KeQIUsdTmYR9mgmMZen7DSRWauHW2UTynFg3Kkf6pw+XlxxOLsyLWwz/Q6q1lSpM3TQ==",
      "requires": {
        "@tanstack/query-core": "^4.0.0-beta.1",
        "@types/use-sync-external-store": "^0.0.3",
        "use-sync-external-store": "^1.2.0"
      }
    },
    "@tanstack/react-query-devtools": {
      "version": "4.0.10",
      "resolved": "https://registry.npmjs.org/@tanstack/react-query-devtools/-/react-query-devtools-4.0.10.tgz",
      "integrity": "sha512-3J7LLYQjfjTI0DbPo0bA+M3l4kdvYSWAqihpeG1u93WVyZj0OEFviUv+4cK7+k2AVgQJAPMZ5xvtewKxOOFVrw==",
      "requires": {
        "@tanstack/match-sorter-utils": "^8.0.0-alpha.82",
        "@types/use-sync-external-store": "^0.0.3",
        "use-sync-external-store": "^1.2.0"
      }
    },
    "@types/react-query": {
      "version": "1.2.9",
      "resolved": "https://registry.npmjs.org/@types/react-query/-/react-query-1.2.9.tgz",
      "integrity": "sha512-xfVcv5zjC6fGf6axPyKxdXNm9RKK9OFzSIyZeCR3r9h4zDuqSpHc8ilTBtfQ1zU/uCx+tAsB+W6vzdCBMu1jtg==",
      "dev": true,
      "requires": {
        "react-query": "*"
      }
    },
    "@types/use-sync-external-store": {
      "version": "0.0.3",
      "resolved": "https://registry.npmjs.org/@types/use-sync-external-store/-/use-sync-external-store-0.0.3.tgz",
      "integrity": "sha512-EwmlvuaxPNej9+T4v5AuBPJa2x2UOJVdjCtDHgcDqitUeOtjnJKJ+apYjVcAoBEMjKW1VVFGZLUb5+qqa09XFA=="
    },
    "history": {
      "version": "5.3.0",
      "resolved": "https://registry.npmjs.org/history/-/history-5.3.0.tgz",
      "integrity": "sha512-ZqaKwjjrAYUYfLG+htGaIIZ4nioX2L70ZUMIFysS3xvBsSG4x/n1V6TXV3N8ZYNuFGlDirFg32T7B6WOUPDYcQ==",
      "requires": {
        "@babel/runtime": "^7.7.6"
      }
    },
    "js-tokens": {
      "version": "4.0.0",
      "resolved": "https://registry.npmjs.org/js-tokens/-/js-tokens-4.0.0.tgz",
      "integrity": "sha512-RdJUflcE3cUzKiMqQgsCu06FPu9UdIJO0beYbPhHN4k6apgJtifcoCtT9bcxOpYBtpD2kCM6Sbzg4CausW/PKQ==",
      "peer": true
    },
    "loose-envify": {
      "version": "1.4.0",
      "resolved": "https://registry.npmjs.org/loose-envify/-/loose-envify-1.4.0.tgz",
      "integrity": "sha512-lyuxPGr/Wfhrlem2CL/UcnUc1zcqKAImBDzukY7Y5F/yQiNdko6+fRLevlw1HgMySw7f611UIY408EtxRSoK3Q==",
      "peer": true,
      "requires": {
        "js-tokens": "^3.0.0 || ^4.0.0"
      }
    },
    "react": {
      "version": "18.2.0",
      "resolved": "https://registry.npmjs.org/react/-/react-18.2.0.tgz",
      "integrity": "sha512-/3IjMdb2L9QbBdWiW5e3P2/npwMBaU9mHCSCUzNln0ZCYbcfTsGbTJrU/kGemdH2IWmB2ioZ+zkxtmq6g09fGQ==",
      "peer": true,
      "requires": {
        "loose-envify": "^1.1.0"
      }
    },
    "react-dom": {
      "version": "18.2.0",
      "resolved": "https://registry.npmjs.org/react-dom/-/react-dom-18.2.0.tgz",
      "integrity": "sha512-6IMTriUmvsjHUjNtEDudZfuDQUoWXVxKHhlEGSk81n4YFS+r/Kl99wXiwlVXtPBtJenozv2P+hxDsw9eA7Xo6g==",
      "peer": true,
      "requires": {
        "loose-envify": "^1.1.0",
        "scheduler": "^0.23.0"
      }
    },
    "react-query": {
      "version": "4.0.0",
      "resolved": "https://registry.npmjs.org/react-query/-/react-query-4.0.0.tgz",
      "integrity": "sha512-qiW+Yvbl+EK8iwPDJAj4qWAKceh+g8Up8jxoNxJbzhV3bNheeyHF3EyynnkDO3S+CYgSwtCUFaP8vOjB62j7xQ==",
      "dev": true,
      "requires": {
        "@tanstack/query-core": "^4.0.0-beta.1",
        "@types/use-sync-external-store": "^0.0.3",
        "use-sync-external-store": "^1.2.0"
      }
    },
    "react-router": {
      "version": "6.3.0",
      "resolved": "https://registry.npmjs.org/react-router/-/react-router-6.3.0.tgz",
      "integrity": "sha512-7Wh1DzVQ+tlFjkeo+ujvjSqSJmkt1+8JO+T5xklPlgrh70y7ogx75ODRW0ThWhY7S+6yEDks8TYrtQe/aoboBQ==",
      "requires": {
        "history": "^5.2.0"
      }
    },
    "react-router-dom": {
      "version": "6.3.0",
      "resolved": "https://registry.npmjs.org/react-router-dom/-/react-router-dom-6.3.0.tgz",
      "integrity": "sha512-uaJj7LKytRxZNQV8+RbzJWnJ8K2nPsOOEuX7aQstlMZKQT0164C+X2w6bnkqU3sjtLvpd5ojrezAyfZ1+0sStw==",
      "requires": {
        "history": "^5.2.0",
        "react-router": "6.3.0"
      }
    },
    "regenerator-runtime": {
      "version": "0.13.9",
      "resolved": "https://registry.npmjs.org/regenerator-runtime/-/regenerator-runtime-0.13.9.tgz",
      "integrity": "sha512-p3VT+cOEgxFsRRA9X4lkI1E+k2/CtnKtU4gcxyaCUreilL/vqI6CdZ3wxVUx3UOUg+gnUOQQcRI7BmSI656MYA=="
    },
    "remove-accents": {
      "version": "0.4.2",
      "resolved": "https://registry.npmjs.org/remove-accents/-/remove-accents-0.4.2.tgz",
      "integrity": "sha512-7pXIJqJOq5tFgG1A2Zxti3Ht8jJF337m4sowbuHsW30ZnkQFnDzy9qBNhgzX8ZLW4+UBcXiiR7SwR6pokHsxiA=="
    },
    "scheduler": {
      "version": "0.23.0",
      "resolved": "https://registry.npmjs.org/scheduler/-/scheduler-0.23.0.tgz",
      "integrity": "sha512-CtuThmgHNg7zIZWAXi3AsyIzA3n4xx7aNyjwC2VJldO2LMVDhFK+63xGqq6CsJH4rTAt6/M+N4GhZiDYPx9eUw==",
      "peer": true,
      "requires": {
        "loose-envify": "^1.1.0"
      }
    },
    "use-sync-external-store": {
      "version": "1.2.0",
      "resolved": "https://registry.npmjs.org/use-sync-external-store/-/use-sync-external-store-1.2.0.tgz",
      "integrity": "sha512-eEgnFxGQ1Ife9bzYs6VLi8/4X6CObHMw9Qr9tPY43iKwsPw8xE8+EFsf/2cFZ5S3esXgpWgtSCtLNS41F+sKPA==",
      "requires": {}
    }
  }
}
