# THIS IS AN AUTOGENERATED FILE. DO NOT EDIT THIS FILE DIRECTLY.
# yarn lockfile v1


"@babel/runtime@^7.7.6":
  version "7.18.9"
  resolved "https://registry.npmjs.org/@babel/runtime/-/runtime-7.18.9.tgz"
  integrity sha512-lkqXDcvlFT5rvEjiu6+QYO+1GXrEHRo2LOtS7E4GtX5ESIZOgepqsZBVIj6Pv+a6zqsya9VCgiK1KAK4BvJDAw==
  dependencies:
    regenerator-runtime "^0.13.4"

"@tanstack/match-sorter-utils@^8.0.0-alpha.82":
  version "8.1.1"
  resolved "https://registry.npmjs.org/@tanstack/match-sorter-utils/-/match-sorter-utils-8.1.1.tgz"
  integrity sha512-IdmEekEYxQsoLOR0XQyw3jD1GujBpRRYaGJYQUw1eOT1eUugWxdc7jomh1VQ1EKHcdwDLpLaCz/8y4KraU4T9A==
  dependencies:
    remove-accents "0.4.2"

"@tanstack/query-core@^4.0.0-beta.1":
  version "4.0.10"
  resolved "https://registry.npmjs.org/@tanstack/query-core/-/query-core-4.0.10.tgz"
  integrity sha512-9LsABpZXkWZHi4P1ozRETEDXQocLAxVzQaIhganxbNuz/uA3PsCAJxJTiQrknG5htLMzOF5MqM9G10e6DCxV1A==

"@tanstack/react-query-devtools@^4.0.10":
  version "4.0.10"
  resolved "https://registry.yarnpkg.com/@tanstack/react-query-devtools/-/react-query-devtools-4.0.10.tgz#d1b3e5b1917f1c22bcee5830ef7af1ccfc4879f4"
  integrity sha512-3J7LLYQjfjTI0DbPo0bA+M3l4kdvYSWAqihpeG1u93WVyZj0OEFviUv+4cK7+k2AVgQJAPMZ5xvtewKxOOFVrw==
  dependencies:
    "@tanstack/match-sorter-utils" "^8.0.0-alpha.82"
    "@types/use-sync-external-store" "^0.0.3"
    use-sync-external-store "^1.2.0"

"@tanstack/react-query@^4.0.10":
  version "4.0.10"
  resolved "https://registry.npmjs.org/@tanstack/react-query/-/react-query-4.0.10.tgz"
  integrity sha512-Wn5QhZUE5wvr6rGClV7KeQIUsdTmYR9mgmMZen7DSRWauHW2UTynFg3Kkf6pw+XlxxOLsyLWwz/Q6q1lSpM3TQ==
  dependencies:
    "@tanstack/query-core" "^4.0.0-beta.1"
    "@types/use-sync-external-store" "^0.0.3"
    use-sync-external-store "^1.2.0"

"@types/react-query@^1.2.9":
  version "1.2.9"
  resolved "https://registry.npmjs.org/@types/react-query/-/react-query-1.2.9.tgz"
  integrity sha512-xfVcv5zjC6fGf6axPyKxdXNm9RKK9OFzSIyZeCR3r9h4zDuqSpHc8ilTBtfQ1zU/uCx+tAsB+W6vzdCBMu1jtg==
  dependencies:
    react-query "*"

"@types/use-sync-external-store@^0.0.3":
  version "0.0.3"
  resolved "https://registry.npmjs.org/@types/use-sync-external-store/-/use-sync-external-store-0.0.3.tgz"
  integrity sha512-EwmlvuaxPNej9+T4v5AuBPJa2x2UOJVdjCtDHgcDqitUeOtjnJKJ+apYjVcAoBEMjKW1VVFGZLUb5+qqa09XFA==

history@^5.2.0:
  version "5.3.0"
  resolved "https://registry.npmjs.org/history/-/history-5.3.0.tgz"
  integrity sha512-ZqaKwjjrAYUYfLG+htGaIIZ4nioX2L70ZUMIFysS3xvBsSG4x/n1V6TXV3N8ZYNuFGlDirFg32T7B6WOUPDYcQ==
  dependencies:
    "@babel/runtime" "^7.7.6"

react-query@*:
  version "4.0.0"
  resolved "https://registry.npmjs.org/react-query/-/react-query-4.0.0.tgz"
  integrity sha512-qiW+Yvbl+EK8iwPDJAj4qWAKceh+g8Up8jxoNxJbzhV3bNheeyHF3EyynnkDO3S+CYgSwtCUFaP8vOjB62j7xQ==
  dependencies:
    "@tanstack/query-core" "^4.0.0-beta.1"
    "@types/use-sync-external-store" "^0.0.3"
    use-sync-external-store "^1.2.0"

react-router-dom@^6.2.1:
  version "6.3.0"
  resolved "https://registry.npmjs.org/react-router-dom/-/react-router-dom-6.3.0.tgz"
  integrity sha512-uaJj7LKytRxZNQV8+RbzJWnJ8K2nPsOOEuX7aQstlMZKQT0164C+X2w6bnkqU3sjtLvpd5ojrezAyfZ1+0sStw==
  dependencies:
    history "^5.2.0"
    react-router "6.3.0"

react-router@6.3.0:
  version "6.3.0"
  resolved "https://registry.npmjs.org/react-router/-/react-router-6.3.0.tgz"
  integrity sha512-7Wh1DzVQ+tlFjkeo+ujvjSqSJmkt1+8JO+T5xklPlgrh70y7ogx75ODRW0ThWhY7S+6yEDks8TYrtQe/aoboBQ==
  dependencies:
    history "^5.2.0"

regenerator-runtime@^0.13.4:
  version "0.13.9"
  resolved "https://registry.npmjs.org/regenerator-runtime/-/regenerator-runtime-0.13.9.tgz"
  integrity sha512-p3VT+cOEgxFsRRA9X4lkI1E+k2/CtnKtU4gcxyaCUreilL/vqI6CdZ3wxVUx3UOUg+gnUOQQcRI7BmSI656MYA==

remove-accents@0.4.2:
  version "0.4.2"
  resolved "https://registry.npmjs.org/remove-accents/-/remove-accents-0.4.2.tgz"
  integrity sha512-7pXIJqJOq5tFgG1A2Zxti3Ht8jJF337m4sowbuHsW30ZnkQFnDzy9qBNhgzX8ZLW4+UBcXiiR7SwR6pokHsxiA==

use-sync-external-store@^1.2.0:
  version "1.2.0"
  resolved "https://registry.npmjs.org/use-sync-external-store/-/use-sync-external-store-1.2.0.tgz"
  integrity sha512-eEgnFxGQ1Ife9bzYs6VLi8/4X6CObHMw9Qr9tPY43iKwsPw8xE8+EFsf/2cFZ5S3esXgpWgtSCtLNS41F+sKPA==
